
Microsoft Visual Studio Solution File, Format Version 12.00
# Visual Studio Version 17
VisualStudioVersion = 17.4.33205.214
MinimumVisualStudioVersion = 10.0.40219.1
Project("{FAE04EC0-301F-11D3-BF4B-00C04F79EFBC}") = "CommandDP", "CommandDP\CommandDP.csproj", "{49B21B78-AE46-42B8-B8B3-B048B4C0CDD0}"
EndProject
Global
	GlobalSection(SolutionConfigurationPlatforms) = preSolution
		Debug|Any CPU = Debug|Any CPU
		Release|Any CPU = Release|Any CPU
	EndGlobalSection
	GlobalSection(ProjectConfigurationPlatforms) = postSolution
		{49B21B78-AE46-42B8-B8B3-B048B4C0CDD0}.Debug|Any CPU.ActiveCfg = Debug|Any CPU
		{49B21B78-AE46-42B8-B8B3-B048B4C0CDD0}.Debug|Any CPU.Build.0 = Debug|Any CPU
		{49B21B78-AE46-42B8-B8B3-B048B4C0CDD0}.Release|Any CPU.ActiveCfg = Release|Any CPU
		{49B21B78-AE46-42B8-B8B3-B048B4C0CDD0}.Release|Any CPU.Build.0 = Release|Any CPU
	EndGlobalSection
	GlobalSection(SolutionProperties) = preSolution
		HideSolutionNode = FALSE
	EndGlobalSection
	GlobalSection(ExtensibilityGlobals) = postSolution
		SolutionGuid = {82F64949-67A8-4B24-8EDD-436BE2FEB9A4}
	EndGlobalSection
EndGlobal
